// !$*UTF8*$!
{
	archiveVersion = 1;
	classes = {
	};
	objectVersion = 52;
	objects = {

/* Begin PBXBuildFile section */
		1B1E552E26669DBF008C8A1E /* Participants.swift in Sources */ = {isa = PBXBuildFile; fileRef = 1B1E552D26669DBF008C8A1E /* Participants.swift */; };
		1B397130266AA45000F8C530 /* OptionContainerCell.swift in Sources */ = {isa = PBXBuildFile; fileRef = 1B39712F266AA45000F8C530 /* OptionContainerCell.swift */; };
		1B397132266AA64800F8C530 /* ManageCenterVC.swift in Sources */ = {isa = PBXBuildFile; fileRef = 1B397131266AA64800F8C530 /* ManageCenterVC.swift */; };
		1B397134266AA74300F8C530 /* ManageCenterVM.swift in Sources */ = {isa = PBXBuildFile; fileRef = 1B397133266AA74300F8C530 /* ManageCenterVM.swift */; };
		1B55F2EC2658D64700626A23 /* Dashboard.storyboard in Resources */ = {isa = PBXBuildFile; fileRef = 1B55F2EB2658D64700626A23 /* Dashboard.storyboard */; };
		1B5ED9FE266406F8005FBC6F /* CMSData.swift in Sources */ = {isa = PBXBuildFile; fileRef = 1B5ED9FD266406F8005FBC6F /* CMSData.swift */; };
		1B659B8626615A9600B6AF9A /* Sports.swift in Sources */ = {isa = PBXBuildFile; fileRef = 1B659B8526615A9600B6AF9A /* Sports.swift */; };
		1B704432265A158A00EE0FCF /* TournamentStatisticsVC.swift in Sources */ = {isa = PBXBuildFile; fileRef = 1B704431265A158A00EE0FCF /* TournamentStatisticsVC.swift */; };
		1B704435265A24E100EE0FCF /* AddParticipantVC.swift in Sources */ = {isa = PBXBuildFile; fileRef = 1B704434265A24E100EE0FCF /* AddParticipantVC.swift */; };
		1B7ADBBF26594D7600C4AEF9 /* TournamentListView.xib in Resources */ = {isa = PBXBuildFile; fileRef = 1B7ADBBE26594D7600C4AEF9 /* TournamentListView.xib */; };
		1B7ADBC226594D9400C4AEF9 /* TournamentListView.swift in Sources */ = {isa = PBXBuildFile; fileRef = 1B7ADBC126594D9400C4AEF9 /* TournamentListView.swift */; };
		1B7ADBC72659509400C4AEF9 /* StatisticsView.swift in Sources */ = {isa = PBXBuildFile; fileRef = 1B7ADBC62659509400C4AEF9 /* StatisticsView.swift */; };
		1B7ADBCA265950A000C4AEF9 /* StatisticsView.xib in Resources */ = {isa = PBXBuildFile; fileRef = 1B7ADBC9265950A000C4AEF9 /* StatisticsView.xib */; };
		1B7ADBCE265963BA00C4AEF9 /* OptionView.xib in Resources */ = {isa = PBXBuildFile; fileRef = 1B7ADBCD265963BA00C4AEF9 /* OptionView.xib */; };
		1B7ADBD1265963C900C4AEF9 /* OptionView.swift in Sources */ = {isa = PBXBuildFile; fileRef = 1B7ADBD0265963C900C4AEF9 /* OptionView.swift */; };
		1B7ADBDA26596BCE00C4AEF9 /* TournamentListVC.swift in Sources */ = {isa = PBXBuildFile; fileRef = 1B7ADBD326596BCC00C4AEF9 /* TournamentListVC.swift */; };
		1B7ADBDB26596BCE00C4AEF9 /* TournamentRegisterVC.swift in Sources */ = {isa = PBXBuildFile; fileRef = 1B7ADBD426596BCC00C4AEF9 /* TournamentRegisterVC.swift */; };
		1B7ADBDC26596BCE00C4AEF9 /* TournamentDetailsVC.swift in Sources */ = {isa = PBXBuildFile; fileRef = 1B7ADBD526596BCD00C4AEF9 /* TournamentDetailsVC.swift */; };
		1B7ADBDD26596BCE00C4AEF9 /* TournamentCMSVC.swift in Sources */ = {isa = PBXBuildFile; fileRef = 1B7ADBD626596BCD00C4AEF9 /* TournamentCMSVC.swift */; };
		1B7ADBDE26596BCE00C4AEF9 /* TournamentGalleryVC.swift in Sources */ = {isa = PBXBuildFile; fileRef = 1B7ADBD726596BCD00C4AEF9 /* TournamentGalleryVC.swift */; };
		1B7ADBDF26596BCE00C4AEF9 /* TournamentsParticipantsVC.swift in Sources */ = {isa = PBXBuildFile; fileRef = 1B7ADBD826596BCE00C4AEF9 /* TournamentsParticipantsVC.swift */; };
		1B7ADBE026596BCE00C4AEF9 /* TournamentConfirmationVC.swift in Sources */ = {isa = PBXBuildFile; fileRef = 1B7ADBD926596BCE00C4AEF9 /* TournamentConfirmationVC.swift */; };
		1B7ADBE326596C1800C4AEF9 /* UpcommingCourtBookingCell.swift in Sources */ = {isa = PBXBuildFile; fileRef = 1B7ADBE226596C1700C4AEF9 /* UpcommingCourtBookingCell.swift */; };
		1B7ADBE926596D0500C4AEF9 /* SportGalleryCell.swift in Sources */ = {isa = PBXBuildFile; fileRef = 1B7ADBE826596D0500C4AEF9 /* SportGalleryCell.swift */; };
		1B7ADBEC26596D2500C4AEF9 /* ParticipantCell.swift in Sources */ = {isa = PBXBuildFile; fileRef = 1B7ADBEB26596D2500C4AEF9 /* ParticipantCell.swift */; };
		1B7ADBEF26596D3300C4AEF9 /* TournamentRegisterCell.swift in Sources */ = {isa = PBXBuildFile; fileRef = 1B7ADBEE26596D3200C4AEF9 /* TournamentRegisterCell.swift */; };
		1B7ADBF62659715700C4AEF9 /* PartnerWithUsVC.swift in Sources */ = {isa = PBXBuildFile; fileRef = 1B7ADBF12659715400C4AEF9 /* PartnerWithUsVC.swift */; };
		1B7ADBF72659715700C4AEF9 /* SportsFilterVC.swift in Sources */ = {isa = PBXBuildFile; fileRef = 1B7ADBF22659715500C4AEF9 /* SportsFilterVC.swift */; };
		1B7ADBF82659715700C4AEF9 /* CMSVC.swift in Sources */ = {isa = PBXBuildFile; fileRef = 1B7ADBF32659715500C4AEF9 /* CMSVC.swift */; };
		1B7ADBF92659715700C4AEF9 /* AccountMenuVC.swift in Sources */ = {isa = PBXBuildFile; fileRef = 1B7ADBF42659715600C4AEF9 /* AccountMenuVC.swift */; };
		1B7ADBFA2659715700C4AEF9 /* AccountInfoVC.swift in Sources */ = {isa = PBXBuildFile; fileRef = 1B7ADBF52659715700C4AEF9 /* AccountInfoVC.swift */; };
		1B7ADBFD2659719100C4AEF9 /* AccountMenuCell.swift in Sources */ = {isa = PBXBuildFile; fileRef = 1B7ADBFC2659719100C4AEF9 /* AccountMenuCell.swift */; };
		1B7ADC02265971CA00C4AEF9 /* CMSViewModel.swift in Sources */ = {isa = PBXBuildFile; fileRef = 1B7ADC00265971C900C4AEF9 /* CMSViewModel.swift */; };
		1B7ADC03265971CA00C4AEF9 /* EventMenuSectionData.swift in Sources */ = {isa = PBXBuildFile; fileRef = 1B7ADC01265971CA00C4AEF9 /* EventMenuSectionData.swift */; };
		1B7ADC082659720E00C4AEF9 /* EventMenuFooter.xib in Resources */ = {isa = PBXBuildFile; fileRef = 1B7ADC062659720D00C4AEF9 /* EventMenuFooter.xib */; };
		1B7ADC092659720E00C4AEF9 /* EventMenuFooter.swift in Sources */ = {isa = PBXBuildFile; fileRef = 1B7ADC072659720E00C4AEF9 /* EventMenuFooter.swift */; };
		1B7BDED3266B866500EE673D /* HeaderView.swift in Sources */ = {isa = PBXBuildFile; fileRef = 1B7BDED2266B866500EE673D /* HeaderView.swift */; };
		1B7BDED5266B867300EE673D /* HeaderView.xib in Resources */ = {isa = PBXBuildFile; fileRef = 1B7BDED4266B867300EE673D /* HeaderView.xib */; };
		1B7BDED7266B889100EE673D /* BaseVC.swift in Sources */ = {isa = PBXBuildFile; fileRef = 1B7BDED6266B889100EE673D /* BaseVC.swift */; };
		1B7BDED9266B918000EE673D /* TabbarVC.swift in Sources */ = {isa = PBXBuildFile; fileRef = 1B7BDED8266B918000EE673D /* TabbarVC.swift */; };
		1B7BDEDB266B940900EE673D /* HomeVC.swift in Sources */ = {isa = PBXBuildFile; fileRef = 1B7BDEDA266B940900EE673D /* HomeVC.swift */; };
		1B7BDEDD266B950500EE673D /* MenuVC.swift in Sources */ = {isa = PBXBuildFile; fileRef = 1B7BDEDC266B950500EE673D /* MenuVC.swift */; };
		1B8043AB2667FA52003F8012 /* Sport.swift in Sources */ = {isa = PBXBuildFile; fileRef = 1B8043AA2667FA51003F8012 /* Sport.swift */; };
		1B8C28AF265C1269008ABA9B /* RegisterParams.swift in Sources */ = {isa = PBXBuildFile; fileRef = 1B8C28AE265C1269008ABA9B /* RegisterParams.swift */; };
		1BA0DAD9266654AF008E85B1 /* SwyngTests.swift in Sources */ = {isa = PBXBuildFile; fileRef = 1BA0DAD8266654AF008E85B1 /* SwyngTests.swift */; };
		1BA0DAE1266654CC008E85B1 /* SwyngCMSUnitTest.swift in Sources */ = {isa = PBXBuildFile; fileRef = 1BA0DAE0266654CC008E85B1 /* SwyngCMSUnitTest.swift */; };
		1BAD09582671378000524901 /* AppInvokeSDK.xcframework in Frameworks */ = {isa = PBXBuildFile; fileRef = 1BAD09572671378000524901 /* AppInvokeSDK.xcframework */; };
		1BB755BA266D3C42000B9942 /* UpcomingTournamentVC.swift in Sources */ = {isa = PBXBuildFile; fileRef = 1BB755B9266D3C41000B9942 /* UpcomingTournamentVC.swift */; };
		1BC19BF92663733F007A6D93 /* OptionsCell.swift in Sources */ = {isa = PBXBuildFile; fileRef = 1BC19BF82663733F007A6D93 /* OptionsCell.swift */; };
		1BC19BFB26639EDA007A6D93 /* TournamentsType.swift in Sources */ = {isa = PBXBuildFile; fileRef = 1BC19BFA26639EDA007A6D93 /* TournamentsType.swift */; };
		1BE7643D26762FA500132D68 /* Run.swift in Sources */ = {isa = PBXBuildFile; fileRef = 1BE7643C26762FA400132D68 /* Run.swift */; };
		1BEFE63E266551D1004A2965 /* AllSportsVC.swift in Sources */ = {isa = PBXBuildFile; fileRef = 1BEFE63D266551D1004A2965 /* AllSportsVC.swift */; };
		1BEFE640266551FD004A2965 /* AllSportsCell.swift in Sources */ = {isa = PBXBuildFile; fileRef = 1BEFE63F266551FD004A2965 /* AllSportsCell.swift */; };
		1BEFE642266552CB004A2965 /* SportsCenterDetailsVC.swift in Sources */ = {isa = PBXBuildFile; fileRef = 1BEFE641266552CB004A2965 /* SportsCenterDetailsVC.swift */; };
		1BEFE644266558C4004A2965 /* SportCenters.swift in Sources */ = {isa = PBXBuildFile; fileRef = 1BEFE643266558C4004A2965 /* SportCenters.swift */; };
		1BEFE64626655E2E004A2965 /* SportCentersDetails.swift in Sources */ = {isa = PBXBuildFile; fileRef = 1BEFE64526655E2E004A2965 /* SportCentersDetails.swift */; };
		1BEFE64826655EA9004A2965 /* Gallery.swift in Sources */ = {isa = PBXBuildFile; fileRef = 1BEFE64726655EA9004A2965 /* Gallery.swift */; };
		1BF2B7DF265A9FDD00570756 /* TournamentGridVC.swift in Sources */ = {isa = PBXBuildFile; fileRef = 1BF2B7DE265A9FDD00570756 /* TournamentGridVC.swift */; };
		1BF2B7E2265AA00500570756 /* TournamentGridCell.swift in Sources */ = {isa = PBXBuildFile; fileRef = 1BF2B7E1265AA00500570756 /* TournamentGridCell.swift */; };
		1BF2B7E6265ACAB800570756 /* UINavigationController+Extension.swift in Sources */ = {isa = PBXBuildFile; fileRef = 1BF2B7E5265ACAB800570756 /* UINavigationController+Extension.swift */; };
		1BF44BE72656D1DD00A2E75E /* AppDelegate.swift in Sources */ = {isa = PBXBuildFile; fileRef = 1BF44BE62656D1DD00A2E75E /* AppDelegate.swift */; };
		1BF44BE92656D1DD00A2E75E /* SceneDelegate.swift in Sources */ = {isa = PBXBuildFile; fileRef = 1BF44BE82656D1DD00A2E75E /* SceneDelegate.swift */; };
		1BF44BEB2656D1DD00A2E75E /* ViewController.swift in Sources */ = {isa = PBXBuildFile; fileRef = 1BF44BEA2656D1DD00A2E75E /* ViewController.swift */; };
		1BF44BEE2656D1DD00A2E75E /* Main.storyboard in Resources */ = {isa = PBXBuildFile; fileRef = 1BF44BEC2656D1DD00A2E75E /* Main.storyboard */; };
		1BF44BF02656D1DE00A2E75E /* Assets.xcassets in Resources */ = {isa = PBXBuildFile; fileRef = 1BF44BEF2656D1DE00A2E75E /* Assets.xcassets */; };
		1BF44BF32656D1DE00A2E75E /* LaunchScreen.storyboard in Resources */ = {isa = PBXBuildFile; fileRef = 1BF44BF12656D1DE00A2E75E /* LaunchScreen.storyboard */; };
		1BF44C172656DB1600A2E75E /* UIColor+Extension.swift in Sources */ = {isa = PBXBuildFile; fileRef = 1BF44C122656DB1500A2E75E /* UIColor+Extension.swift */; };
		1BF44C182656DB1600A2E75E /* CustomField.swift in Sources */ = {isa = PBXBuildFile; fileRef = 1BF44C132656DB1500A2E75E /* CustomField.swift */; };
		1BF44C192656DB1600A2E75E /* UIVIew+Extension.swift in Sources */ = {isa = PBXBuildFile; fileRef = 1BF44C142656DB1500A2E75E /* UIVIew+Extension.swift */; };
		1BF44C1A2656DB1600A2E75E /* Extensions.swift in Sources */ = {isa = PBXBuildFile; fileRef = 1BF44C152656DB1600A2E75E /* Extensions.swift */; };
		1BF44C1B2656DB1600A2E75E /* UIViewController+Extension.swift in Sources */ = {isa = PBXBuildFile; fileRef = 1BF44C162656DB1600A2E75E /* UIViewController+Extension.swift */; };
		1BF44C282656DB3700A2E75E /* FirstResponderField.swift in Sources */ = {isa = PBXBuildFile; fileRef = 1BF44C1E2656DB3400A2E75E /* FirstResponderField.swift */; };
		1BF44C292656DB3700A2E75E /* Constants.swift in Sources */ = {isa = PBXBuildFile; fileRef = 1BF44C1F2656DB3400A2E75E /* Constants.swift */; };
		1BF44C2A2656DB3700A2E75E /* Webservices.swift in Sources */ = {isa = PBXBuildFile; fileRef = 1BF44C202656DB3400A2E75E /* Webservices.swift */; };
		1BF44C2B2656DB3700A2E75E /* AppUtilities.swift in Sources */ = {isa = PBXBuildFile; fileRef = 1BF44C212656DB3500A2E75E /* AppUtilities.swift */; };
		1BF44C2C2656DB3700A2E75E /* DefaultsManager.swift in Sources */ = {isa = PBXBuildFile; fileRef = 1BF44C222656DB3500A2E75E /* DefaultsManager.swift */; };
		1BF44C2D2656DB3700A2E75E /* ApplicationManager.swift in Sources */ = {isa = PBXBuildFile; fileRef = 1BF44C232656DB3500A2E75E /* ApplicationManager.swift */; };
		1BF44C2E2656DB3700A2E75E /* NotificationManager.swift in Sources */ = {isa = PBXBuildFile; fileRef = 1BF44C242656DB3600A2E75E /* NotificationManager.swift */; };
		1BF44C2F2656DB3700A2E75E /* NavController.swift in Sources */ = {isa = PBXBuildFile; fileRef = 1BF44C252656DB3600A2E75E /* NavController.swift */; };
		1BF44C302656DB3700A2E75E /* PickerField.swift in Sources */ = {isa = PBXBuildFile; fileRef = 1BF44C262656DB3600A2E75E /* PickerField.swift */; };
		1BF44C312656DB3700A2E75E /* ShadowView.swift in Sources */ = {isa = PBXBuildFile; fileRef = 1BF44C272656DB3700A2E75E /* ShadowView.swift */; };
		1BF44C402656DCE500A2E75E /* Roboto-Medium.ttf in Resources */ = {isa = PBXBuildFile; fileRef = 1BF44C342656DCE100A2E75E /* Roboto-Medium.ttf */; };
		1BF44C412656DCE500A2E75E /* Roboto-Thin.ttf in Resources */ = {isa = PBXBuildFile; fileRef = 1BF44C352656DCE100A2E75E /* Roboto-Thin.ttf */; };
		1BF44C422656DCE500A2E75E /* Roboto-LightItalic.ttf in Resources */ = {isa = PBXBuildFile; fileRef = 1BF44C362656DCE200A2E75E /* Roboto-LightItalic.ttf */; };
		1BF44C432656DCE500A2E75E /* Roboto-BlackItalic.ttf in Resources */ = {isa = PBXBuildFile; fileRef = 1BF44C372656DCE200A2E75E /* Roboto-BlackItalic.ttf */; };
		1BF44C442656DCE500A2E75E /* Roboto-Light.ttf in Resources */ = {isa = PBXBuildFile; fileRef = 1BF44C382656DCE300A2E75E /* Roboto-Light.ttf */; };
		1BF44C452656DCE500A2E75E /* Roboto-MediumItalic.ttf in Resources */ = {isa = PBXBuildFile; fileRef = 1BF44C392656DCE300A2E75E /* Roboto-MediumItalic.ttf */; };
		1BF44C462656DCE500A2E75E /* Roboto-ThinItalic.ttf in Resources */ = {isa = PBXBuildFile; fileRef = 1BF44C3A2656DCE300A2E75E /* Roboto-ThinItalic.ttf */; };
		1BF44C472656DCE500A2E75E /* Roboto-BoldItalic.ttf in Resources */ = {isa = PBXBuildFile; fileRef = 1BF44C3B2656DCE400A2E75E /* Roboto-BoldItalic.ttf */; };
		1BF44C482656DCE500A2E75E /* Roboto-Black.ttf in Resources */ = {isa = PBXBuildFile; fileRef = 1BF44C3C2656DCE400A2E75E /* Roboto-Black.ttf */; };
		1BF44C492656DCE500A2E75E /* Roboto-Italic.ttf in Resources */ = {isa = PBXBuildFile; fileRef = 1BF44C3D2656DCE400A2E75E /* Roboto-Italic.ttf */; };
		1BF44C4A2656DCE500A2E75E /* Roboto-Bold.ttf in Resources */ = {isa = PBXBuildFile; fileRef = 1BF44C3E2656DCE500A2E75E /* Roboto-Bold.ttf */; };
		1BF44C4B2656DCE500A2E75E /* Roboto-Regular.ttf in Resources */ = {isa = PBXBuildFile; fileRef = 1BF44C3F2656DCE500A2E75E /* Roboto-Regular.ttf */; };
		1BFA54E8265772D3008BCC57 /* FirstNameVC.swift in Sources */ = {isa = PBXBuildFile; fileRef = 1BFA54E1265772D2008BCC57 /* FirstNameVC.swift */; };
		1BFA54E9265772D3008BCC57 /* OTPVC.swift in Sources */ = {isa = PBXBuildFile; fileRef = 1BFA54E2265772D3008BCC57 /* OTPVC.swift */; };
		1BFA54EA265772D3008BCC57 /* EmailVC.swift in Sources */ = {isa = PBXBuildFile; fileRef = 1BFA54E3265772D3008BCC57 /* EmailVC.swift */; };
		1BFA54EB265772D3008BCC57 /* LoginVC.swift in Sources */ = {isa = PBXBuildFile; fileRef = 1BFA54E4265772D3008BCC57 /* LoginVC.swift */; };
		1BFA54EC265772D3008BCC57 /* GetStartedVC.swift in Sources */ = {isa = PBXBuildFile; fileRef = 1BFA54E5265772D3008BCC57 /* GetStartedVC.swift */; };
		1BFA54ED265772D3008BCC57 /* LastNameVC.swift in Sources */ = {isa = PBXBuildFile; fileRef = 1BFA54E6265772D3008BCC57 /* LastNameVC.swift */; };
		1BFA54EE265772D3008BCC57 /* CitySelectionVC.swift in Sources */ = {isa = PBXBuildFile; fileRef = 1BFA54E7265772D3008BCC57 /* CitySelectionVC.swift */; };
		1BFA54F5265775C3008BCC57 /* Register.swift in Sources */ = {isa = PBXBuildFile; fileRef = 1BFA54F0265775C3008BCC57 /* Register.swift */; };
		1BFA54F6265775C3008BCC57 /* Tournaments.swift in Sources */ = {isa = PBXBuildFile; fileRef = 1BFA54F1265775C3008BCC57 /* Tournaments.swift */; };
		1BFA54F7265775C3008BCC57 /* Profile.swift in Sources */ = {isa = PBXBuildFile; fileRef = 1BFA54F2265775C3008BCC57 /* Profile.swift */; };
		1BFA54F8265775C3008BCC57 /* City.swift in Sources */ = {isa = PBXBuildFile; fileRef = 1BFA54F3265775C3008BCC57 /* City.swift */; };
		1BFA54F9265775C3008BCC57 /* CommonResponse.swift in Sources */ = {isa = PBXBuildFile; fileRef = 1BFA54F4265775C3008BCC57 /* CommonResponse.swift */; };
		1BFA54FC26577667008BCC57 /* CityCell.swift in Sources */ = {isa = PBXBuildFile; fileRef = 1BFA54FB26577667008BCC57 /* CityCell.swift */; };
		8CEF1EBA6A6794E9E4A1C75B /* Pods_SwyngTests.framework in Frameworks */ = {isa = PBXBuildFile; fileRef = F1090DB167A15F0630487634 /* Pods_SwyngTests.framework */; };
		B8F4EB1D7EE22AC694A9328C /* Pods_Swyng.framework in Frameworks */ = {isa = PBXBuildFile; fileRef = 31ECF40D7FB15A9FE0F38AA6 /* Pods_Swyng.framework */; };
/* End PBXBuildFile section */

/* Begin PBXContainerItemProxy section */
		1BA0DADB266654AF008E85B1 /* PBXContainerItemProxy */ = {
			isa = PBXContainerItemProxy;
			containerPortal = 1BF44BDB2656D1DD00A2E75E /* Project object */;
			proxyType = 1;
			remoteGlobalIDString = 1BF44BE22656D1DD00A2E75E;
			remoteInfo = Swyng;
		};
/* End PBXContainerItemProxy section */

/* Begin PBXFileReference section */
		1B1E552D26669DBF008C8A1E /* Participants.swift */ = {isa = PBXFileReference; fileEncoding = 4; lastKnownFileType = sourcecode.swift; path = Participants.swift; sourceTree = "<group>"; };
		1B38A6F7265A4F4700592622 /* Swyng.entitlements */ = {isa = PBXFileReference; lastKnownFileType = text.plist.entitlements; path = Swyng.entitlements; sourceTree = "<group>"; };
		1B39712F266AA45000F8C530 /* OptionContainerCell.swift */ = {isa = PBXFileReference; lastKnownFileType = sourcecode.swift; path = OptionContainerCell.swift; sourceTree = "<group>"; };
		1B397131266AA64800F8C530 /* ManageCenterVC.swift */ = {isa = PBXFileReference; lastKnownFileType = sourcecode.swift; path = ManageCenterVC.swift; sourceTree = "<group>"; };
		1B397133266AA74300F8C530 /* ManageCenterVM.swift */ = {isa = PBXFileReference; lastKnownFileType = sourcecode.swift; path = ManageCenterVM.swift; sourceTree = "<group>"; };
		1B55F2EB2658D64700626A23 /* Dashboard.storyboard */ = {isa = PBXFileReference; lastKnownFileType = file.storyboard; path = Dashboard.storyboard; sourceTree = "<group>"; };
		1B5ED9FD266406F8005FBC6F /* CMSData.swift */ = {isa = PBXFileReference; fileEncoding = 4; lastKnownFileType = sourcecode.swift; path = CMSData.swift; sourceTree = "<group>"; };
		1B659B8526615A9600B6AF9A /* Sports.swift */ = {isa = PBXFileReference; fileEncoding = 4; lastKnownFileType = sourcecode.swift; path = Sports.swift; sourceTree = "<group>"; };
		1B704431265A158A00EE0FCF /* TournamentStatisticsVC.swift */ = {isa = PBXFileReference; lastKnownFileType = sourcecode.swift; path = TournamentStatisticsVC.swift; sourceTree = "<group>"; };
		1B704434265A24E100EE0FCF /* AddParticipantVC.swift */ = {isa = PBXFileReference; lastKnownFileType = sourcecode.swift; path = AddParticipantVC.swift; sourceTree = "<group>"; };
		1B7ADBBE26594D7600C4AEF9 /* TournamentListView.xib */ = {isa = PBXFileReference; lastKnownFileType = file.xib; path = TournamentListView.xib; sourceTree = "<group>"; };
		1B7ADBC126594D9400C4AEF9 /* TournamentListView.swift */ = {isa = PBXFileReference; lastKnownFileType = sourcecode.swift; path = TournamentListView.swift; sourceTree = "<group>"; };
		1B7ADBC62659509400C4AEF9 /* StatisticsView.swift */ = {isa = PBXFileReference; lastKnownFileType = sourcecode.swift; path = StatisticsView.swift; sourceTree = "<group>"; };
		1B7ADBC9265950A000C4AEF9 /* StatisticsView.xib */ = {isa = PBXFileReference; lastKnownFileType = file.xib; path = StatisticsView.xib; sourceTree = "<group>"; };
		1B7ADBCD265963BA00C4AEF9 /* OptionView.xib */ = {isa = PBXFileReference; lastKnownFileType = file.xib; path = OptionView.xib; sourceTree = "<group>"; };
		1B7ADBD0265963C900C4AEF9 /* OptionView.swift */ = {isa = PBXFileReference; lastKnownFileType = sourcecode.swift; path = OptionView.swift; sourceTree = "<group>"; };
		1B7ADBD326596BCC00C4AEF9 /* TournamentListVC.swift */ = {isa = PBXFileReference; fileEncoding = 4; lastKnownFileType = sourcecode.swift; path = TournamentListVC.swift; sourceTree = "<group>"; };
		1B7ADBD426596BCC00C4AEF9 /* TournamentRegisterVC.swift */ = {isa = PBXFileReference; fileEncoding = 4; lastKnownFileType = sourcecode.swift; path = TournamentRegisterVC.swift; sourceTree = "<group>"; };
		1B7ADBD526596BCD00C4AEF9 /* TournamentDetailsVC.swift */ = {isa = PBXFileReference; fileEncoding = 4; lastKnownFileType = sourcecode.swift; path = TournamentDetailsVC.swift; sourceTree = "<group>"; };
		1B7ADBD626596BCD00C4AEF9 /* TournamentCMSVC.swift */ = {isa = PBXFileReference; fileEncoding = 4; lastKnownFileType = sourcecode.swift; path = TournamentCMSVC.swift; sourceTree = "<group>"; };
		1B7ADBD726596BCD00C4AEF9 /* TournamentGalleryVC.swift */ = {isa = PBXFileReference; fileEncoding = 4; lastKnownFileType = sourcecode.swift; path = TournamentGalleryVC.swift; sourceTree = "<group>"; };
		1B7ADBD826596BCE00C4AEF9 /* TournamentsParticipantsVC.swift */ = {isa = PBXFileReference; fileEncoding = 4; lastKnownFileType = sourcecode.swift; path = TournamentsParticipantsVC.swift; sourceTree = "<group>"; };
		1B7ADBD926596BCE00C4AEF9 /* TournamentConfirmationVC.swift */ = {isa = PBXFileReference; fileEncoding = 4; lastKnownFileType = sourcecode.swift; path = TournamentConfirmationVC.swift; sourceTree = "<group>"; };
		1B7ADBE226596C1700C4AEF9 /* UpcommingCourtBookingCell.swift */ = {isa = PBXFileReference; fileEncoding = 4; lastKnownFileType = sourcecode.swift; path = UpcommingCourtBookingCell.swift; sourceTree = "<group>"; };
		1B7ADBE826596D0500C4AEF9 /* SportGalleryCell.swift */ = {isa = PBXFileReference; fileEncoding = 4; lastKnownFileType = sourcecode.swift; path = SportGalleryCell.swift; sourceTree = "<group>"; };
		1B7ADBEB26596D2500C4AEF9 /* ParticipantCell.swift */ = {isa = PBXFileReference; fileEncoding = 4; lastKnownFileType = sourcecode.swift; path = ParticipantCell.swift; sourceTree = "<group>"; };
		1B7ADBEE26596D3200C4AEF9 /* TournamentRegisterCell.swift */ = {isa = PBXFileReference; fileEncoding = 4; lastKnownFileType = sourcecode.swift; path = TournamentRegisterCell.swift; sourceTree = "<group>"; };
		1B7ADBF12659715400C4AEF9 /* PartnerWithUsVC.swift */ = {isa = PBXFileReference; fileEncoding = 4; lastKnownFileType = sourcecode.swift; path = PartnerWithUsVC.swift; sourceTree = "<group>"; };
		1B7ADBF22659715500C4AEF9 /* SportsFilterVC.swift */ = {isa = PBXFileReference; fileEncoding = 4; lastKnownFileType = sourcecode.swift; path = SportsFilterVC.swift; sourceTree = "<group>"; };
		1B7ADBF32659715500C4AEF9 /* CMSVC.swift */ = {isa = PBXFileReference; fileEncoding = 4; lastKnownFileType = sourcecode.swift; path = CMSVC.swift; sourceTree = "<group>"; };
		1B7ADBF42659715600C4AEF9 /* AccountMenuVC.swift */ = {isa = PBXFileReference; fileEncoding = 4; lastKnownFileType = sourcecode.swift; path = AccountMenuVC.swift; sourceTree = "<group>"; };
		1B7ADBF52659715700C4AEF9 /* AccountInfoVC.swift */ = {isa = PBXFileReference; fileEncoding = 4; lastKnownFileType = sourcecode.swift; path = AccountInfoVC.swift; sourceTree = "<group>"; };
		1B7ADBFC2659719100C4AEF9 /* AccountMenuCell.swift */ = {isa = PBXFileReference; fileEncoding = 4; lastKnownFileType = sourcecode.swift; path = AccountMenuCell.swift; sourceTree = "<group>"; };
		1B7ADC00265971C900C4AEF9 /* CMSViewModel.swift */ = {isa = PBXFileReference; fileEncoding = 4; lastKnownFileType = sourcecode.swift; path = CMSViewModel.swift; sourceTree = "<group>"; };
		1B7ADC01265971CA00C4AEF9 /* EventMenuSectionData.swift */ = {isa = PBXFileReference; fileEncoding = 4; lastKnownFileType = sourcecode.swift; path = EventMenuSectionData.swift; sourceTree = "<group>"; };
		1B7ADC062659720D00C4AEF9 /* EventMenuFooter.xib */ = {isa = PBXFileReference; fileEncoding = 4; lastKnownFileType = file.xib; path = EventMenuFooter.xib; sourceTree = "<group>"; };
		1B7ADC072659720E00C4AEF9 /* EventMenuFooter.swift */ = {isa = PBXFileReference; fileEncoding = 4; lastKnownFileType = sourcecode.swift; path = EventMenuFooter.swift; sourceTree = "<group>"; };
		1B7BDED2266B866500EE673D /* HeaderView.swift */ = {isa = PBXFileReference; lastKnownFileType = sourcecode.swift; path = HeaderView.swift; sourceTree = "<group>"; };
		1B7BDED4266B867300EE673D /* HeaderView.xib */ = {isa = PBXFileReference; lastKnownFileType = file.xib; path = HeaderView.xib; sourceTree = "<group>"; };
		1B7BDED6266B889100EE673D /* BaseVC.swift */ = {isa = PBXFileReference; lastKnownFileType = sourcecode.swift; path = BaseVC.swift; sourceTree = "<group>"; };
		1B7BDED8266B918000EE673D /* TabbarVC.swift */ = {isa = PBXFileReference; lastKnownFileType = sourcecode.swift; path = TabbarVC.swift; sourceTree = "<group>"; };
		1B7BDEDA266B940900EE673D /* HomeVC.swift */ = {isa = PBXFileReference; lastKnownFileType = sourcecode.swift; path = HomeVC.swift; sourceTree = "<group>"; };
		1B7BDEDC266B950500EE673D /* MenuVC.swift */ = {isa = PBXFileReference; lastKnownFileType = sourcecode.swift; path = MenuVC.swift; sourceTree = "<group>"; };
		1B8043AA2667FA51003F8012 /* Sport.swift */ = {isa = PBXFileReference; fileEncoding = 4; lastKnownFileType = sourcecode.swift; path = Sport.swift; sourceTree = "<group>"; };
		1B8C28AE265C1269008ABA9B /* RegisterParams.swift */ = {isa = PBXFileReference; lastKnownFileType = sourcecode.swift; path = RegisterParams.swift; sourceTree = "<group>"; };
		1BA0DAD6266654AF008E85B1 /* SwyngTests.xctest */ = {isa = PBXFileReference; explicitFileType = wrapper.cfbundle; includeInIndex = 0; path = SwyngTests.xctest; sourceTree = BUILT_PRODUCTS_DIR; };
		1BA0DAD8266654AF008E85B1 /* SwyngTests.swift */ = {isa = PBXFileReference; lastKnownFileType = sourcecode.swift; path = SwyngTests.swift; sourceTree = "<group>"; };
		1BA0DADA266654AF008E85B1 /* Info.plist */ = {isa = PBXFileReference; lastKnownFileType = text.plist.xml; path = Info.plist; sourceTree = "<group>"; };
		1BA0DAE0266654CC008E85B1 /* SwyngCMSUnitTest.swift */ = {isa = PBXFileReference; lastKnownFileType = sourcecode.swift; path = SwyngCMSUnitTest.swift; sourceTree = "<group>"; };
		1BAD09572671378000524901 /* AppInvokeSDK.xcframework */ = {isa = PBXFileReference; lastKnownFileType = wrapper.xcframework; path = AppInvokeSDK.xcframework; sourceTree = "<group>"; };
		1BB755B9266D3C41000B9942 /* UpcomingTournamentVC.swift */ = {isa = PBXFileReference; fileEncoding = 4; lastKnownFileType = sourcecode.swift; path = UpcomingTournamentVC.swift; sourceTree = "<group>"; };
		1BC19BF82663733F007A6D93 /* OptionsCell.swift */ = {isa = PBXFileReference; lastKnownFileType = sourcecode.swift; path = OptionsCell.swift; sourceTree = "<group>"; };
		1BC19BFA26639EDA007A6D93 /* TournamentsType.swift */ = {isa = PBXFileReference; fileEncoding = 4; lastKnownFileType = sourcecode.swift; path = TournamentsType.swift; sourceTree = "<group>"; };
		1BE7643C26762FA400132D68 /* Run.swift */ = {isa = PBXFileReference; fileEncoding = 4; lastKnownFileType = sourcecode.swift; path = Run.swift; sourceTree = "<group>"; };
		1BEFE63D266551D1004A2965 /* AllSportsVC.swift */ = {isa = PBXFileReference; fileEncoding = 4; lastKnownFileType = sourcecode.swift; path = AllSportsVC.swift; sourceTree = "<group>"; };
		1BEFE63F266551FD004A2965 /* AllSportsCell.swift */ = {isa = PBXFileReference; fileEncoding = 4; lastKnownFileType = sourcecode.swift; path = AllSportsCell.swift; sourceTree = "<group>"; };
		1BEFE641266552CB004A2965 /* SportsCenterDetailsVC.swift */ = {isa = PBXFileReference; fileEncoding = 4; lastKnownFileType = sourcecode.swift; path = SportsCenterDetailsVC.swift; sourceTree = "<group>"; };
		1BEFE643266558C4004A2965 /* SportCenters.swift */ = {isa = PBXFileReference; fileEncoding = 4; lastKnownFileType = sourcecode.swift; path = SportCenters.swift; sourceTree = "<group>"; };
		1BEFE64526655E2E004A2965 /* SportCentersDetails.swift */ = {isa = PBXFileReference; fileEncoding = 4; lastKnownFileType = sourcecode.swift; path = SportCentersDetails.swift; sourceTree = "<group>"; };
		1BEFE64726655EA9004A2965 /* Gallery.swift */ = {isa = PBXFileReference; fileEncoding = 4; lastKnownFileType = sourcecode.swift; path = Gallery.swift; sourceTree = "<group>"; };
		1BF2B7DE265A9FDD00570756 /* TournamentGridVC.swift */ = {isa = PBXFileReference; fileEncoding = 4; lastKnownFileType = sourcecode.swift; path = TournamentGridVC.swift; sourceTree = "<group>"; };
		1BF2B7E1265AA00500570756 /* TournamentGridCell.swift */ = {isa = PBXFileReference; fileEncoding = 4; lastKnownFileType = sourcecode.swift; path = TournamentGridCell.swift; sourceTree = "<group>"; };
		1BF2B7E5265ACAB800570756 /* UINavigationController+Extension.swift */ = {isa = PBXFileReference; lastKnownFileType = sourcecode.swift; path = "UINavigationController+Extension.swift"; sourceTree = "<group>"; };
		1BF44BE32656D1DD00A2E75E /* Swyng.app */ = {isa = PBXFileReference; explicitFileType = wrapper.application; includeInIndex = 0; path = Swyng.app; sourceTree = BUILT_PRODUCTS_DIR; };
		1BF44BE62656D1DD00A2E75E /* AppDelegate.swift */ = {isa = PBXFileReference; lastKnownFileType = sourcecode.swift; path = AppDelegate.swift; sourceTree = "<group>"; };
		1BF44BE82656D1DD00A2E75E /* SceneDelegate.swift */ = {isa = PBXFileReference; lastKnownFileType = sourcecode.swift; path = SceneDelegate.swift; sourceTree = "<group>"; };
		1BF44BEA2656D1DD00A2E75E /* ViewController.swift */ = {isa = PBXFileReference; lastKnownFileType = sourcecode.swift; path = ViewController.swift; sourceTree = "<group>"; };
		1BF44BED2656D1DD00A2E75E /* Base */ = {isa = PBXFileReference; lastKnownFileType = file.storyboard; name = Base; path = Base.lproj/Main.storyboard; sourceTree = "<group>"; };
		1BF44BEF2656D1DE00A2E75E /* Assets.xcassets */ = {isa = PBXFileReference; lastKnownFileType = folder.assetcatalog; path = Assets.xcassets; sourceTree = "<group>"; };
		1BF44BF22656D1DE00A2E75E /* Base */ = {isa = PBXFileReference; lastKnownFileType = file.storyboard; name = Base; path = Base.lproj/LaunchScreen.storyboard; sourceTree = "<group>"; };
		1BF44BF42656D1DE00A2E75E /* Info.plist */ = {isa = PBXFileReference; lastKnownFileType = text.plist.xml; path = Info.plist; sourceTree = "<group>"; };
		1BF44C122656DB1500A2E75E /* UIColor+Extension.swift */ = {isa = PBXFileReference; fileEncoding = 4; lastKnownFileType = sourcecode.swift; path = "UIColor+Extension.swift"; sourceTree = "<group>"; };
		1BF44C132656DB1500A2E75E /* CustomField.swift */ = {isa = PBXFileReference; fileEncoding = 4; lastKnownFileType = sourcecode.swift; path = CustomField.swift; sourceTree = "<group>"; };
		1BF44C142656DB1500A2E75E /* UIVIew+Extension.swift */ = {isa = PBXFileReference; fileEncoding = 4; lastKnownFileType = sourcecode.swift; path = "UIVIew+Extension.swift"; sourceTree = "<group>"; };
		1BF44C152656DB1600A2E75E /* Extensions.swift */ = {isa = PBXFileReference; fileEncoding = 4; lastKnownFileType = sourcecode.swift; path = Extensions.swift; sourceTree = "<group>"; };
		1BF44C162656DB1600A2E75E /* UIViewController+Extension.swift */ = {isa = PBXFileReference; fileEncoding = 4; lastKnownFileType = sourcecode.swift; path = "UIViewController+Extension.swift"; sourceTree = "<group>"; };
		1BF44C1E2656DB3400A2E75E /* FirstResponderField.swift */ = {isa = PBXFileReference; fileEncoding = 4; lastKnownFileType = sourcecode.swift; path = FirstResponderField.swift; sourceTree = "<group>"; };
		1BF44C1F2656DB3400A2E75E /* Constants.swift */ = {isa = PBXFileReference; fileEncoding = 4; lastKnownFileType = sourcecode.swift; path = Constants.swift; sourceTree = "<group>"; };
		1BF44C202656DB3400A2E75E /* Webservices.swift */ = {isa = PBXFileReference; fileEncoding = 4; lastKnownFileType = sourcecode.swift; path = Webservices.swift; sourceTree = "<group>"; };
		1BF44C212656DB3500A2E75E /* AppUtilities.swift */ = {isa = PBXFileReference; fileEncoding = 4; lastKnownFileType = sourcecode.swift; path = AppUtilities.swift; sourceTree = "<group>"; };
		1BF44C222656DB3500A2E75E /* DefaultsManager.swift */ = {isa = PBXFileReference; fileEncoding = 4; lastKnownFileType = sourcecode.swift; path = DefaultsManager.swift; sourceTree = "<group>"; };
		1BF44C232656DB3500A2E75E /* ApplicationManager.swift */ = {isa = PBXFileReference; fileEncoding = 4; lastKnownFileType = sourcecode.swift; path = ApplicationManager.swift; sourceTree = "<group>"; };
		1BF44C242656DB3600A2E75E /* NotificationManager.swift */ = {isa = PBXFileReference; fileEncoding = 4; lastKnownFileType = sourcecode.swift; path = NotificationManager.swift; sourceTree = "<group>"; };
		1BF44C252656DB3600A2E75E /* NavController.swift */ = {isa = PBXFileReference; fileEncoding = 4; lastKnownFileType = sourcecode.swift; path = NavController.swift; sourceTree = "<group>"; };
		1BF44C262656DB3600A2E75E /* PickerField.swift */ = {isa = PBXFileReference; fileEncoding = 4; lastKnownFileType = sourcecode.swift; path = PickerField.swift; sourceTree = "<group>"; };
		1BF44C272656DB3700A2E75E /* ShadowView.swift */ = {isa = PBXFileReference; fileEncoding = 4; lastKnownFileType = sourcecode.swift; path = ShadowView.swift; sourceTree = "<group>"; };
		1BF44C342656DCE100A2E75E /* Roboto-Medium.ttf */ = {isa = PBXFileReference; lastKnownFileType = file; path = "Roboto-Medium.ttf"; sourceTree = "<group>"; };
		1BF44C352656DCE100A2E75E /* Roboto-Thin.ttf */ = {isa = PBXFileReference; lastKnownFileType = file; path = "Roboto-Thin.ttf"; sourceTree = "<group>"; };
		1BF44C362656DCE200A2E75E /* Roboto-LightItalic.ttf */ = {isa = PBXFileReference; lastKnownFileType = file; path = "Roboto-LightItalic.ttf"; sourceTree = "<group>"; };
		1BF44C372656DCE200A2E75E /* Roboto-BlackItalic.ttf */ = {isa = PBXFileReference; lastKnownFileType = file; path = "Roboto-BlackItalic.ttf"; sourceTree = "<group>"; };
		1BF44C382656DCE300A2E75E /* Roboto-Light.ttf */ = {isa = PBXFileReference; lastKnownFileType = file; path = "Roboto-Light.ttf"; sourceTree = "<group>"; };
		1BF44C392656DCE300A2E75E /* Roboto-MediumItalic.ttf */ = {isa = PBXFileReference; lastKnownFileType = file; path = "Roboto-MediumItalic.ttf"; sourceTree = "<group>"; };
		1BF44C3A2656DCE300A2E75E /* Roboto-ThinItalic.ttf */ = {isa = PBXFileReference; lastKnownFileType = file; path = "Roboto-ThinItalic.ttf"; sourceTree = "<group>"; };
		1BF44C3B2656DCE400A2E75E /* Roboto-BoldItalic.ttf */ = {isa = PBXFileReference; lastKnownFileType = file; path = "Roboto-BoldItalic.ttf"; sourceTree = "<group>"; };
		1BF44C3C2656DCE400A2E75E /* Roboto-Black.ttf */ = {isa = PBXFileReference; lastKnownFileType = file; path = "Roboto-Black.ttf"; sourceTree = "<group>"; };
		1BF44C3D2656DCE400A2E75E /* Roboto-Italic.ttf */ = {isa = PBXFileReference; lastKnownFileType = file; path = "Roboto-Italic.ttf"; sourceTree = "<group>"; };
		1BF44C3E2656DCE500A2E75E /* Roboto-Bold.ttf */ = {isa = PBXFileReference; lastKnownFileType = file; path = "Roboto-Bold.ttf"; sourceTree = "<group>"; };
		1BF44C3F2656DCE500A2E75E /* Roboto-Regular.ttf */ = {isa = PBXFileReference; lastKnownFileType = file; path = "Roboto-Regular.ttf"; sourceTree = "<group>"; };
		1BFA54E1265772D2008BCC57 /* FirstNameVC.swift */ = {isa = PBXFileReference; fileEncoding = 4; lastKnownFileType = sourcecode.swift; path = FirstNameVC.swift; sourceTree = "<group>"; };
		1BFA54E2265772D3008BCC57 /* OTPVC.swift */ = {isa = PBXFileReference; fileEncoding = 4; lastKnownFileType = sourcecode.swift; path = OTPVC.swift; sourceTree = "<group>"; };
		1BFA54E3265772D3008BCC57 /* EmailVC.swift */ = {isa = PBXFileReference; fileEncoding = 4; lastKnownFileType = sourcecode.swift; path = EmailVC.swift; sourceTree = "<group>"; };
		1BFA54E4265772D3008BCC57 /* LoginVC.swift */ = {isa = PBXFileReference; fileEncoding = 4; lastKnownFileType = sourcecode.swift; path = LoginVC.swift; sourceTree = "<group>"; };
		1BFA54E5265772D3008BCC57 /* GetStartedVC.swift */ = {isa = PBXFileReference; fileEncoding = 4; lastKnownFileType = sourcecode.swift; path = GetStartedVC.swift; sourceTree = "<group>"; };
		1BFA54E6265772D3008BCC57 /* LastNameVC.swift */ = {isa = PBXFileReference; fileEncoding = 4; lastKnownFileType = sourcecode.swift; path = LastNameVC.swift; sourceTree = "<group>"; };
		1BFA54E7265772D3008BCC57 /* CitySelectionVC.swift */ = {isa = PBXFileReference; fileEncoding = 4; lastKnownFileType = sourcecode.swift; path = CitySelectionVC.swift; sourceTree = "<group>"; };
		1BFA54F0265775C3008BCC57 /* Register.swift */ = {isa = PBXFileReference; fileEncoding = 4; lastKnownFileType = sourcecode.swift; path = Register.swift; sourceTree = "<group>"; };
		1BFA54F1265775C3008BCC57 /* Tournaments.swift */ = {isa = PBXFileReference; fileEncoding = 4; lastKnownFileType = sourcecode.swift; path = Tournaments.swift; sourceTree = "<group>"; };
		1BFA54F2265775C3008BCC57 /* Profile.swift */ = {isa = PBXFileReference; fileEncoding = 4; lastKnownFileType = sourcecode.swift; path = Profile.swift; sourceTree = "<group>"; };
		1BFA54F3265775C3008BCC57 /* City.swift */ = {isa = PBXFileReference; fileEncoding = 4; lastKnownFileType = sourcecode.swift; path = City.swift; sourceTree = "<group>"; };
		1BFA54F4265775C3008BCC57 /* CommonResponse.swift */ = {isa = PBXFileReference; fileEncoding = 4; lastKnownFileType = sourcecode.swift; path = CommonResponse.swift; sourceTree = "<group>"; };
		1BFA54FB26577667008BCC57 /* CityCell.swift */ = {isa = PBXFileReference; fileEncoding = 4; lastKnownFileType = sourcecode.swift; path = CityCell.swift; sourceTree = "<group>"; };
		31ECF40D7FB15A9FE0F38AA6 /* Pods_Swyng.framework */ = {isa = PBXFileReference; explicitFileType = wrapper.framework; includeInIndex = 0; path = Pods_Swyng.framework; sourceTree = BUILT_PRODUCTS_DIR; };
		644BD39526A157A5AEDA4A97 /* Pods-SwyngTests.debug.xcconfig */ = {isa = PBXFileReference; includeInIndex = 1; lastKnownFileType = text.xcconfig; name = "Pods-SwyngTests.debug.xcconfig"; path = "Target Support Files/Pods-SwyngTests/Pods-SwyngTests.debug.xcconfig"; sourceTree = "<group>"; };
		E8DF1EF0599CDE5AC6F96EFF /* Pods-Swyng.release.xcconfig */ = {isa = PBXFileReference; includeInIndex = 1; lastKnownFileType = text.xcconfig; name = "Pods-Swyng.release.xcconfig"; path = "Target Support Files/Pods-Swyng/Pods-Swyng.release.xcconfig"; sourceTree = "<group>"; };
		F0314751455C1A1E360F23D0 /* Pods-Swyng.debug.xcconfig */ = {isa = PBXFileReference; includeInIndex = 1; lastKnownFileType = text.xcconfig; name = "Pods-Swyng.debug.xcconfig"; path = "Target Support Files/Pods-Swyng/Pods-Swyng.debug.xcconfig"; sourceTree = "<group>"; };
		F1090DB167A15F0630487634 /* Pods_SwyngTests.framework */ = {isa = PBXFileReference; explicitFileType = wrapper.framework; includeInIndex = 0; path = Pods_SwyngTests.framework; sourceTree = BUILT_PRODUCTS_DIR; };
		FDC1D2C71E6111979549C865 /* Pods-SwyngTests.release.xcconfig */ = {isa = PBXFileReference; includeInIndex = 1; lastKnownFileType = text.xcconfig; name = "Pods-SwyngTests.release.xcconfig"; path = "Target Support Files/Pods-SwyngTests/Pods-SwyngTests.release.xcconfig"; sourceTree = "<group>"; };
/* End PBXFileReference section */

/* Begin PBXFrameworksBuildPhase section */
		1BA0DAD3266654AF008E85B1 /* Frameworks */ = {
			isa = PBXFrameworksBuildPhase;
			buildActionMask = 2147483647;
			files = (
				8CEF1EBA6A6794E9E4A1C75B /* Pods_SwyngTests.framework in Frameworks */,
			);
			runOnlyForDeploymentPostprocessing = 0;
		};
		1BF44BE02656D1DD00A2E75E /* Frameworks */ = {
			isa = PBXFrameworksBuildPhase;
			buildActionMask = 2147483647;
			files = (
				1BAD09582671378000524901 /* AppInvokeSDK.xcframework in Frameworks */,
				B8F4EB1D7EE22AC694A9328C /* Pods_Swyng.framework in Frameworks */,
			);
			runOnlyForDeploymentPostprocessing = 0;
		};
/* End PBXFrameworksBuildPhase section */

/* Begin PBXGroup section */
		12FB0D4388F3AB6036EBCB70 /* Pods */ = {
			isa = PBXGroup;
			children = (
				F0314751455C1A1E360F23D0 /* Pods-Swyng.debug.xcconfig */,
				E8DF1EF0599CDE5AC6F96EFF /* Pods-Swyng.release.xcconfig */,
				644BD39526A157A5AEDA4A97 /* Pods-SwyngTests.debug.xcconfig */,
				FDC1D2C71E6111979549C865 /* Pods-SwyngTests.release.xcconfig */,
			);
			path = Pods;
			sourceTree = "<group>";
		};
		1B7ADBBC26594D5900C4AEF9 /* TournamentListView */ = {
			isa = PBXGroup;
			children = (
				1B7ADBBE26594D7600C4AEF9 /* TournamentListView.xib */,
				1B7ADBC126594D9400C4AEF9 /* TournamentListView.swift */,
			);
			path = TournamentListView;
			sourceTree = "<group>";
		};
		1B7ADBC52659508400C4AEF9 /* StatisticsView */ = {
			isa = PBXGroup;
			children = (
				1B7ADBC62659509400C4AEF9 /* StatisticsView.swift */,
				1B7ADBC9265950A000C4AEF9 /* StatisticsView.xib */,
			);
			path = StatisticsView;
			sourceTree = "<group>";
		};
		1B7ADBCC2659638D00C4AEF9 /* OptionView */ = {
			isa = PBXGroup;
			children = (
				1B7ADBCD265963BA00C4AEF9 /* OptionView.xib */,
				1B7ADBD0265963C900C4AEF9 /* OptionView.swift */,
			);
			path = OptionView;
			sourceTree = "<group>";
		};
		1B7ADBE526596C3300C4AEF9 /* TableViewCells */ = {
			isa = PBXGroup;
			children = (
				1B7ADC05265971FD00C4AEF9 /* EventMenuFooter */,
				1B7ADBE226596C1700C4AEF9 /* UpcommingCourtBookingCell.swift */,
				1B7ADBEB26596D2500C4AEF9 /* ParticipantCell.swift */,
				1BEFE63F266551FD004A2965 /* AllSportsCell.swift */,
				1B7ADBEE26596D3200C4AEF9 /* TournamentRegisterCell.swift */,
				1B39712F266AA45000F8C530 /* OptionContainerCell.swift */,
			);
			path = TableViewCells;
			sourceTree = "<group>";
		};
		1B7ADBE626596C4000C4AEF9 /* CollectionViewCells */ = {
			isa = PBXGroup;
			children = (
				1BF2B7E1265AA00500570756 /* TournamentGridCell.swift */,
				1B7ADBFC2659719100C4AEF9 /* AccountMenuCell.swift */,
				1B7ADBE826596D0500C4AEF9 /* SportGalleryCell.swift */,
				1BFA54FB26577667008BCC57 /* CityCell.swift */,
				1BC19BF82663733F007A6D93 /* OptionsCell.swift */,
			);
			path = CollectionViewCells;
			sourceTree = "<group>";
		};
		1B7ADBFF265971BD00C4AEF9 /* ViewModel */ = {
			isa = PBXGroup;
			children = (
				1B7ADC00265971C900C4AEF9 /* CMSViewModel.swift */,
				1B7ADC01265971CA00C4AEF9 /* EventMenuSectionData.swift */,
				1B397133266AA74300F8C530 /* ManageCenterVM.swift */,
			);
			path = ViewModel;
			sourceTree = "<group>";
		};
		1B7ADC05265971FD00C4AEF9 /* EventMenuFooter */ = {
			isa = PBXGroup;
			children = (
				1B7ADC072659720E00C4AEF9 /* EventMenuFooter.swift */,
				1B7ADC062659720D00C4AEF9 /* EventMenuFooter.xib */,
			);
			path = EventMenuFooter;
			sourceTree = "<group>";
		};
		1B7BDED1266B863E00EE673D /* HeaderView */ = {
			isa = PBXGroup;
			children = (
				1B7BDED2266B866500EE673D /* HeaderView.swift */,
				1B7BDED4266B867300EE673D /* HeaderView.xib */,
			);
			path = HeaderView;
			sourceTree = "<group>";
		};
		1BA0DAD7266654AF008E85B1 /* SwyngTests */ = {
			isa = PBXGroup;
			children = (
				1BA0DAD8266654AF008E85B1 /* SwyngTests.swift */,
				1BA0DADA266654AF008E85B1 /* Info.plist */,
				1BA0DAE0266654CC008E85B1 /* SwyngCMSUnitTest.swift */,
			);
			path = SwyngTests;
			sourceTree = "<group>";
		};
		1BF44BDA2656D1DD00A2E75E = {
			isa = PBXGroup;
			children = (
				1BF44BE52656D1DD00A2E75E /* Swyng */,
				1BA0DAD7266654AF008E85B1 /* SwyngTests */,
				1BF44BE42656D1DD00A2E75E /* Products */,
				12FB0D4388F3AB6036EBCB70 /* Pods */,
				D5343F90F3CB91888395E4AE /* Frameworks */,
			);
			sourceTree = "<group>";
		};
		1BF44BE42656D1DD00A2E75E /* Products */ = {
			isa = PBXGroup;
			children = (
				1BF44BE32656D1DD00A2E75E /* Swyng.app */,
				1BA0DAD6266654AF008E85B1 /* SwyngTests.xctest */,
			);
			name = Products;
			sourceTree = "<group>";
		};
		1BF44BE52656D1DD00A2E75E /* Swyng */ = {
			isa = PBXGroup;
			children = (
				1B38A6F7265A4F4700592622 /* Swyng.entitlements */,
				1B7ADBFF265971BD00C4AEF9 /* ViewModel */,
				1BF44C332656DCD400A2E75E /* Fonts */,
				1BF44C1D2656DB2700A2E75E /* Utilities */,
				1BF44C112656DB0300A2E75E /* Extensions */,
				1BF44C0F2656DAA800A2E75E /* Controllers */,
				1BF44C0E2656DAA500A2E75E /* View */,
				1BF44C0D2656DAA000A2E75E /* Model */,
				1BF44BE62656D1DD00A2E75E /* AppDelegate.swift */,
				1BF44BE82656D1DD00A2E75E /* SceneDelegate.swift */,
				1BF44BEA2656D1DD00A2E75E /* ViewController.swift */,
				1BF44BEC2656D1DD00A2E75E /* Main.storyboard */,
				1BF44BEF2656D1DE00A2E75E /* Assets.xcassets */,
				1BF44BF12656D1DE00A2E75E /* LaunchScreen.storyboard */,
				1BF44BF42656D1DE00A2E75E /* Info.plist */,
				1B55F2EB2658D64700626A23 /* Dashboard.storyboard */,
			);
			path = Swyng;
			sourceTree = "<group>";
		};
		1BF44C0D2656DAA000A2E75E /* Model */ = {
			isa = PBXGroup;
			children = (
				1BE7643C26762FA400132D68 /* Run.swift */,
				1B8043AA2667FA51003F8012 /* Sport.swift */,
				1BEFE64726655EA9004A2965 /* Gallery.swift */,
				1B1E552D26669DBF008C8A1E /* Participants.swift */,
				1BEFE64526655E2E004A2965 /* SportCentersDetails.swift */,
				1BEFE643266558C4004A2965 /* SportCenters.swift */,
				1B5ED9FD266406F8005FBC6F /* CMSData.swift */,
				1B659B8526615A9600B6AF9A /* Sports.swift */,
				1BFA54F3265775C3008BCC57 /* City.swift */,
				1BFA54F4265775C3008BCC57 /* CommonResponse.swift */,
				1BFA54F2265775C3008BCC57 /* Profile.swift */,
				1BFA54F0265775C3008BCC57 /* Register.swift */,
				1BFA54F1265775C3008BCC57 /* Tournaments.swift */,
				1B8C28AE265C1269008ABA9B /* RegisterParams.swift */,
				1BC19BFA26639EDA007A6D93 /* TournamentsType.swift */,
			);
			path = Model;
			sourceTree = "<group>";
		};
		1BF44C0E2656DAA500A2E75E /* View */ = {
			isa = PBXGroup;
			children = (
				1B7BDED1266B863E00EE673D /* HeaderView */,
				1B7ADBE626596C4000C4AEF9 /* CollectionViewCells */,
				1B7ADBE526596C3300C4AEF9 /* TableViewCells */,
				1B7ADBCC2659638D00C4AEF9 /* OptionView */,
				1B7ADBC52659508400C4AEF9 /* StatisticsView */,
				1B7ADBBC26594D5900C4AEF9 /* TournamentListView */,
			);
			path = View;
			sourceTree = "<group>";
		};
		1BF44C0F2656DAA800A2E75E /* Controllers */ = {
			isa = PBXGroup;
			children = (
				1BFA54E7265772D3008BCC57 /* CitySelectionVC.swift */,
				1BFA54E3265772D3008BCC57 /* EmailVC.swift */,
				1BFA54E1265772D2008BCC57 /* FirstNameVC.swift */,
				1BFA54E5265772D3008BCC57 /* GetStartedVC.swift */,
				1BFA54E6265772D3008BCC57 /* LastNameVC.swift */,
				1BFA54E4265772D3008BCC57 /* LoginVC.swift */,
				1B7ADBF52659715700C4AEF9 /* AccountInfoVC.swift */,
				1B7ADBF42659715600C4AEF9 /* AccountMenuVC.swift */,
				1B7ADBF32659715500C4AEF9 /* CMSVC.swift */,
				1B7ADBF12659715400C4AEF9 /* PartnerWithUsVC.swift */,
				1B7ADBF22659715500C4AEF9 /* SportsFilterVC.swift */,
				1BFA54E2265772D3008BCC57 /* OTPVC.swift */,
				1B7ADBD626596BCD00C4AEF9 /* TournamentCMSVC.swift */,
				1BEFE63D266551D1004A2965 /* AllSportsVC.swift */,
				1BEFE641266552CB004A2965 /* SportsCenterDetailsVC.swift */,
				1B7ADBD926596BCE00C4AEF9 /* TournamentConfirmationVC.swift */,
				1B7ADBD526596BCD00C4AEF9 /* TournamentDetailsVC.swift */,
				1B7ADBD726596BCD00C4AEF9 /* TournamentGalleryVC.swift */,
				1B7ADBD326596BCC00C4AEF9 /* TournamentListVC.swift */,
				1BB755B9266D3C41000B9942 /* UpcomingTournamentVC.swift */,
				1B7ADBD426596BCC00C4AEF9 /* TournamentRegisterVC.swift */,
				1B7ADBD826596BCE00C4AEF9 /* TournamentsParticipantsVC.swift */,
				1B704431265A158A00EE0FCF /* TournamentStatisticsVC.swift */,
				1B704434265A24E100EE0FCF /* AddParticipantVC.swift */,
				1BF2B7DE265A9FDD00570756 /* TournamentGridVC.swift */,
				1B397131266AA64800F8C530 /* ManageCenterVC.swift */,
				1B7BDEDA266B940900EE673D /* HomeVC.swift */,
				1B7BDEDC266B950500EE673D /* MenuVC.swift */,
			);
			path = Controllers;
			sourceTree = "<group>";
		};
		1BF44C112656DB0300A2E75E /* Extensions */ = {
			isa = PBXGroup;
			children = (
				1BF44C132656DB1500A2E75E /* CustomField.swift */,
				1BF44C152656DB1600A2E75E /* Extensions.swift */,
				1BF44C122656DB1500A2E75E /* UIColor+Extension.swift */,
				1BF44C142656DB1500A2E75E /* UIVIew+Extension.swift */,
				1BF44C162656DB1600A2E75E /* UIViewController+Extension.swift */,
				1BF2B7E5265ACAB800570756 /* UINavigationController+Extension.swift */,
			);
			path = Extensions;
			sourceTree = "<group>";
		};
		1BF44C1D2656DB2700A2E75E /* Utilities */ = {
			isa = PBXGroup;
			children = (
				1BF44C232656DB3500A2E75E /* ApplicationManager.swift */,
				1BF44C212656DB3500A2E75E /* AppUtilities.swift */,
				1BF44C1F2656DB3400A2E75E /* Constants.swift */,
				1BF44C222656DB3500A2E75E /* DefaultsManager.swift */,
				1BF44C1E2656DB3400A2E75E /* FirstResponderField.swift */,
				1BF44C252656DB3600A2E75E /* NavController.swift */,
				1BF44C242656DB3600A2E75E /* NotificationManager.swift */,
				1BF44C262656DB3600A2E75E /* PickerField.swift */,
				1BF44C272656DB3700A2E75E /* ShadowView.swift */,
				1BF44C202656DB3400A2E75E /* Webservices.swift */,
				1B7BDED6266B889100EE673D /* BaseVC.swift */,
				1B7BDED8266B918000EE673D /* TabbarVC.swift */,
			);
			path = Utilities;
			sourceTree = "<group>";
		};
		1BF44C332656DCD400A2E75E /* Fonts */ = {
			isa = PBXGroup;
			children = (
				1BF44C3C2656DCE400A2E75E /* Roboto-Black.ttf */,
				1BF44C372656DCE200A2E75E /* Roboto-BlackItalic.ttf */,
				1BF44C3E2656DCE500A2E75E /* Roboto-Bold.ttf */,
				1BF44C3B2656DCE400A2E75E /* Roboto-BoldItalic.ttf */,
				1BF44C3D2656DCE400A2E75E /* Roboto-Italic.ttf */,
				1BF44C382656DCE300A2E75E /* Roboto-Light.ttf */,
				1BF44C362656DCE200A2E75E /* Roboto-LightItalic.ttf */,
				1BF44C342656DCE100A2E75E /* Roboto-Medium.ttf */,
				1BF44C392656DCE300A2E75E /* Roboto-MediumItalic.ttf */,
				1BF44C3F2656DCE500A2E75E /* Roboto-Regular.ttf */,
				1BF44C352656DCE100A2E75E /* Roboto-Thin.ttf */,
				1BF44C3A2656DCE300A2E75E /* Roboto-ThinItalic.ttf */,
			);
			path = Fonts;
			sourceTree = "<group>";
		};
		D5343F90F3CB91888395E4AE /* Frameworks */ = {
			isa = PBXGroup;
			children = (
				1BAD09572671378000524901 /* AppInvokeSDK.xcframework */,
				31ECF40D7FB15A9FE0F38AA6 /* Pods_Swyng.framework */,
				F1090DB167A15F0630487634 /* Pods_SwyngTests.framework */,
			);
			name = Frameworks;
			sourceTree = "<group>";
		};
/* End PBXGroup section */

/* Begin PBXNativeTarget section */
		1BA0DAD5266654AF008E85B1 /* SwyngTests */ = {
			isa = PBXNativeTarget;
			buildConfigurationList = 1BA0DADF266654AF008E85B1 /* Build configuration list for PBXNativeTarget "SwyngTests" */;
			buildPhases = (
				1AB4AAC844C174E965E4EABE /* [CP] Check Pods Manifest.lock */,
				1BA0DAD2266654AF008E85B1 /* Sources */,
				1BA0DAD3266654AF008E85B1 /* Frameworks */,
				1BA0DAD4266654AF008E85B1 /* Resources */,
				50527A3BA5FFB508C5470006 /* [CP] Embed Pods Frameworks */,
			);
			buildRules = (
			);
			dependencies = (
				1BA0DADC266654AF008E85B1 /* PBXTargetDependency */,
			);
			name = SwyngTests;
			productName = SwyngTests;
			productReference = 1BA0DAD6266654AF008E85B1 /* SwyngTests.xctest */;
			productType = "com.apple.product-type.bundle.unit-test";
		};
		1BF44BE22656D1DD00A2E75E /* Swyng */ = {
			isa = PBXNativeTarget;
			buildConfigurationList = 1BF44BF72656D1DE00A2E75E /* Build configuration list for PBXNativeTarget "Swyng" */;
			buildPhases = (
				36C6D42C55BA47208686BE54 /* [CP] Check Pods Manifest.lock */,
				1BF44BDF2656D1DD00A2E75E /* Sources */,
				1BF44BE02656D1DD00A2E75E /* Frameworks */,
				1BF44BE12656D1DD00A2E75E /* Resources */,
				709F266D831F0AB5F5C29512 /* [CP] Embed Pods Frameworks */,
			);
			buildRules = (
			);
			dependencies = (
			);
			name = Swyng;
			productName = Swyng;
			productReference = 1BF44BE32656D1DD00A2E75E /* Swyng.app */;
			productType = "com.apple.product-type.application";
		};
/* End PBXNativeTarget section */

/* Begin PBXProject section */
		1BF44BDB2656D1DD00A2E75E /* Project object */ = {
			isa = PBXProject;
			attributes = {
				LastSwiftUpdateCheck = 1250;
				LastUpgradeCheck = 1230;
				TargetAttributes = {
					1BA0DAD5266654AF008E85B1 = {
						CreatedOnToolsVersion = 12.5;
						TestTargetID = 1BF44BE22656D1DD00A2E75E;
					};
					1BF44BE22656D1DD00A2E75E = {
						CreatedOnToolsVersion = 12.3;
					};
				};
			};
			buildConfigurationList = 1BF44BDE2656D1DD00A2E75E /* Build configuration list for PBXProject "Swyng" */;
			compatibilityVersion = "Xcode 9.3";
			developmentRegion = en;
			hasScannedForEncodings = 0;
			knownRegions = (
				en,
				Base,
			);
			mainGroup = 1BF44BDA2656D1DD00A2E75E;
			productRefGroup = 1BF44BE42656D1DD00A2E75E /* Products */;
			projectDirPath = "";
			projectRoot = "";
			targets = (
				1BF44BE22656D1DD00A2E75E /* Swyng */,
				1BA0DAD5266654AF008E85B1 /* SwyngTests */,
			);
		};
/* End PBXProject section */

/* Begin PBXResourcesBuildPhase section */
		1BA0DAD4266654AF008E85B1 /* Resources */ = {
			isa = PBXResourcesBuildPhase;
			buildActionMask = 2147483647;
			files = (
			);
			runOnlyForDeploymentPostprocessing = 0;
		};
		1BF44BE12656D1DD00A2E75E /* Resources */ = {
			isa = PBXResourcesBuildPhase;
			buildActionMask = 2147483647;
			files = (
				1BF44C4A2656DCE500A2E75E /* Roboto-Bold.ttf in Resources */,
				1BF44C462656DCE500A2E75E /* Roboto-ThinItalic.ttf in Resources */,
				1B7ADC082659720E00C4AEF9 /* EventMenuFooter.xib in Resources */,
				1BF44C472656DCE500A2E75E /* Roboto-BoldItalic.ttf in Resources */,
				1B7ADBCA265950A000C4AEF9 /* StatisticsView.xib in Resources */,
				1B55F2EC2658D64700626A23 /* Dashboard.storyboard in Resources */,
				1B7BDED5266B867300EE673D /* HeaderView.xib in Resources */,
				1BF44C402656DCE500A2E75E /* Roboto-Medium.ttf in Resources */,
				1BF44BF32656D1DE00A2E75E /* LaunchScreen.storyboard in Resources */,
				1BF44C422656DCE500A2E75E /* Roboto-LightItalic.ttf in Resources */,
				1BF44C492656DCE500A2E75E /* Roboto-Italic.ttf in Resources */,
				1B7ADBBF26594D7600C4AEF9 /* TournamentListView.xib in Resources */,
				1BF44C432656DCE500A2E75E /* Roboto-BlackItalic.ttf in Resources */,
				1BF44BF02656D1DE00A2E75E /* Assets.xcassets in Resources */,
				1BF44C412656DCE500A2E75E /* Roboto-Thin.ttf in Resources */,
				1B7ADBCE265963BA00C4AEF9 /* OptionView.xib in Resources */,
				1BF44C442656DCE500A2E75E /* Roboto-Light.ttf in Resources */,
				1BF44C452656DCE500A2E75E /* Roboto-MediumItalic.ttf in Resources */,
				1BF44C4B2656DCE500A2E75E /* Roboto-Regular.ttf in Resources */,
				1BF44BEE2656D1DD00A2E75E /* Main.storyboard in Resources */,
				1BF44C482656DCE500A2E75E /* Roboto-Black.ttf in Resources */,
			);
			runOnlyForDeploymentPostprocessing = 0;
		};
/* End PBXResourcesBuildPhase section */

/* Begin PBXShellScriptBuildPhase section */
		1AB4AAC844C174E965E4EABE /* [CP] Check Pods Manifest.lock */ = {
			isa = PBXShellScriptBuildPhase;
			buildActionMask = 2147483647;
			files = (
			);
			inputFileListPaths = (
			);
			inputPaths = (
				"${PODS_PODFILE_DIR_PATH}/Podfile.lock",
				"${PODS_ROOT}/Manifest.lock",
			);
			name = "[CP] Check Pods Manifest.lock";
			outputFileListPaths = (
			);
			outputPaths = (
				"$(DERIVED_FILE_DIR)/Pods-SwyngTests-checkManifestLockResult.txt",
			);
			runOnlyForDeploymentPostprocessing = 0;
			shellPath = /bin/sh;
			shellScript = "diff \"${PODS_PODFILE_DIR_PATH}/Podfile.lock\" \"${PODS_ROOT}/Manifest.lock\" > /dev/null\nif [ $? != 0 ] ; then\n    # print error to STDERR\n    echo \"error: The sandbox is not in sync with the Podfile.lock. Run 'pod install' or update your CocoaPods installation.\" >&2\n    exit 1\nfi\n# This output is used by Xcode 'outputs' to avoid re-running this script phase.\necho \"SUCCESS\" > \"${SCRIPT_OUTPUT_FILE_0}\"\n";
			showEnvVarsInLog = 0;
		};
		36C6D42C55BA47208686BE54 /* [CP] Check Pods Manifest.lock */ = {
			isa = PBXShellScriptBuildPhase;
			buildActionMask = 2147483647;
			files = (
			);
			inputFileListPaths = (
			);
			inputPaths = (
				"${PODS_PODFILE_DIR_PATH}/Podfile.lock",
				"${PODS_ROOT}/Manifest.lock",
			);
			name = "[CP] Check Pods Manifest.lock";
			outputFileListPaths = (
			);
			outputPaths = (
				"$(DERIVED_FILE_DIR)/Pods-Swyng-checkManifestLockResult.txt",
			);
			runOnlyForDeploymentPostprocessing = 0;
			shellPath = /bin/sh;
			shellScript = "diff \"${PODS_PODFILE_DIR_PATH}/Podfile.lock\" \"${PODS_ROOT}/Manifest.lock\" > /dev/null\nif [ $? != 0 ] ; then\n    # print error to STDERR\n    echo \"error: The sandbox is not in sync with the Podfile.lock. Run 'pod install' or update your CocoaPods installation.\" >&2\n    exit 1\nfi\n# This output is used by Xcode 'outputs' to avoid re-running this script phase.\necho \"SUCCESS\" > \"${SCRIPT_OUTPUT_FILE_0}\"\n";
			showEnvVarsInLog = 0;
		};
		50527A3BA5FFB508C5470006 /* [CP] Embed Pods Frameworks */ = {
			isa = PBXShellScriptBuildPhase;
			buildActionMask = 2147483647;
			files = (
			);
			inputFileListPaths = (
				"${PODS_ROOT}/Target Support Files/Pods-SwyngTests/Pods-SwyngTests-frameworks-${CONFIGURATION}-input-files.xcfilelist",
			);
			name = "[CP] Embed Pods Frameworks";
			outputFileListPaths = (
				"${PODS_ROOT}/Target Support Files/Pods-SwyngTests/Pods-SwyngTests-frameworks-${CONFIGURATION}-output-files.xcfilelist",
			);
			runOnlyForDeploymentPostprocessing = 0;
			shellPath = /bin/sh;
			shellScript = "\"${PODS_ROOT}/Target Support Files/Pods-SwyngTests/Pods-SwyngTests-frameworks.sh\"\n";
			showEnvVarsInLog = 0;
		};
		709F266D831F0AB5F5C29512 /* [CP] Embed Pods Frameworks */ = {
			isa = PBXShellScriptBuildPhase;
			buildActionMask = 2147483647;
			files = (
			);
			inputFileListPaths = (
				"${PODS_ROOT}/Target Support Files/Pods-Swyng/Pods-Swyng-frameworks-${CONFIGURATION}-input-files.xcfilelist",
			);
			name = "[CP] Embed Pods Frameworks";
			outputFileListPaths = (
				"${PODS_ROOT}/Target Support Files/Pods-Swyng/Pods-Swyng-frameworks-${CONFIGURATION}-output-files.xcfilelist",
			);
			runOnlyForDeploymentPostprocessing = 0;
			shellPath = /bin/sh;
			shellScript = "\"${PODS_ROOT}/Target Support Files/Pods-Swyng/Pods-Swyng-frameworks.sh\"\n";
			showEnvVarsInLog = 0;
		};
/* End PBXShellScriptBuildPhase section */

/* Begin PBXSourcesBuildPhase section */
		1BA0DAD2266654AF008E85B1 /* Sources */ = {
			isa = PBXSourcesBuildPhase;
			buildActionMask = 2147483647;
			files = (
				1BA0DAE1266654CC008E85B1 /* SwyngCMSUnitTest.swift in Sources */,
				1BA0DAD9266654AF008E85B1 /* SwyngTests.swift in Sources */,
			);
			runOnlyForDeploymentPostprocessing = 0;
		};
		1BF44BDF2656D1DD00A2E75E /* Sources */ = {
			isa = PBXSourcesBuildPhase;
			buildActionMask = 2147483647;
			files = (
				1B397132266AA64800F8C530 /* ManageCenterVC.swift in Sources */,
				1BFA54EB265772D3008BCC57 /* LoginVC.swift in Sources */,
				1B7ADBDD26596BCE00C4AEF9 /* TournamentCMSVC.swift in Sources */,
				1B7ADC092659720E00C4AEF9 /* EventMenuFooter.swift in Sources */,
				1B7ADBF82659715700C4AEF9 /* CMSVC.swift in Sources */,
				1BF2B7DF265A9FDD00570756 /* TournamentGridVC.swift in Sources */,
				1B5ED9FE266406F8005FBC6F /* CMSData.swift in Sources */,
				1BF44C312656DB3700A2E75E /* ShadowView.swift in Sources */,
				1BB755BA266D3C42000B9942 /* UpcomingTournamentVC.swift in Sources */,
				1BF2B7E6265ACAB800570756 /* UINavigationController+Extension.swift in Sources */,
				1BEFE640266551FD004A2965 /* AllSportsCell.swift in Sources */,
				1BF44C1B2656DB1600A2E75E /* UIViewController+Extension.swift in Sources */,
				1BFA54EC265772D3008BCC57 /* GetStartedVC.swift in Sources */,
				1B7BDED7266B889100EE673D /* BaseVC.swift in Sources */,
				1B704432265A158A00EE0FCF /* TournamentStatisticsVC.swift in Sources */,
				1B7ADBDB26596BCE00C4AEF9 /* TournamentRegisterVC.swift in Sources */,
				1BFA54F5265775C3008BCC57 /* Register.swift in Sources */,
				1B704435265A24E100EE0FCF /* AddParticipantVC.swift in Sources */,
				1BEFE63E266551D1004A2965 /* AllSportsVC.swift in Sources */,
				1BEFE64826655EA9004A2965 /* Gallery.swift in Sources */,
				1BF44C182656DB1600A2E75E /* CustomField.swift in Sources */,
				1BE7643D26762FA500132D68 /* Run.swift in Sources */,
				1BFA54EA265772D3008BCC57 /* EmailVC.swift in Sources */,
				1B7ADBE326596C1800C4AEF9 /* UpcommingCourtBookingCell.swift in Sources */,
				1BF44BEB2656D1DD00A2E75E /* ViewController.swift in Sources */,
				1B7ADBEC26596D2500C4AEF9 /* ParticipantCell.swift in Sources */,
				1BF44C192656DB1600A2E75E /* UIVIew+Extension.swift in Sources */,
				1BF2B7E2265AA00500570756 /* TournamentGridCell.swift in Sources */,
				1B7ADBDE26596BCE00C4AEF9 /* TournamentGalleryVC.swift in Sources */,
				1BF44C2D2656DB3700A2E75E /* ApplicationManager.swift in Sources */,
				1B7ADBDF26596BCE00C4AEF9 /* TournamentsParticipantsVC.swift in Sources */,
				1BFA54FC26577667008BCC57 /* CityCell.swift in Sources */,
				1B7ADBFA2659715700C4AEF9 /* AccountInfoVC.swift in Sources */,
				1BEFE64626655E2E004A2965 /* SportCentersDetails.swift in Sources */,
				1B7ADBDA26596BCE00C4AEF9 /* TournamentListVC.swift in Sources */,
				1B7ADC02265971CA00C4AEF9 /* CMSViewModel.swift in Sources */,
				1B7BDEDB266B940900EE673D /* HomeVC.swift in Sources */,
				1B397130266AA45000F8C530 /* OptionContainerCell.swift in Sources */,
				1BFA54ED265772D3008BCC57 /* LastNameVC.swift in Sources */,
				1BEFE642266552CB004A2965 /* SportsCenterDetailsVC.swift in Sources */,
				1B8C28AF265C1269008ABA9B /* RegisterParams.swift in Sources */,
				1B7ADBF62659715700C4AEF9 /* PartnerWithUsVC.swift in Sources */,
				1B7ADBDC26596BCE00C4AEF9 /* TournamentDetailsVC.swift in Sources */,
				1BF44C2A2656DB3700A2E75E /* Webservices.swift in Sources */,
				1BC19BF92663733F007A6D93 /* OptionsCell.swift in Sources */,
				1BF44BE72656D1DD00A2E75E /* AppDelegate.swift in Sources */,
				1BF44C2F2656DB3700A2E75E /* NavController.swift in Sources */,
				1B659B8626615A9600B6AF9A /* Sports.swift in Sources */,
				1BF44C2C2656DB3700A2E75E /* DefaultsManager.swift in Sources */,
				1BFA54E9265772D3008BCC57 /* OTPVC.swift in Sources */,
				1BF44C292656DB3700A2E75E /* Constants.swift in Sources */,
				1BFA54F9265775C3008BCC57 /* CommonResponse.swift in Sources */,
				1B8043AB2667FA52003F8012 /* Sport.swift in Sources */,
				1B7BDED9266B918000EE673D /* TabbarVC.swift in Sources */,
				1B7ADBC72659509400C4AEF9 /* StatisticsView.swift in Sources */,
				1B1E552E26669DBF008C8A1E /* Participants.swift in Sources */,
				1B7ADBF92659715700C4AEF9 /* AccountMenuVC.swift in Sources */,
				1BFA54F7265775C3008BCC57 /* Profile.swift in Sources */,
				1BF44BE92656D1DD00A2E75E /* SceneDelegate.swift in Sources */,
				1BF44C172656DB1600A2E75E /* UIColor+Extension.swift in Sources */,
				1B7ADBD1265963C900C4AEF9 /* OptionView.swift in Sources */,
				1BF44C1A2656DB1600A2E75E /* Extensions.swift in Sources */,
				1B7ADBC226594D9400C4AEF9 /* TournamentListView.swift in Sources */,
				1BF44C302656DB3700A2E75E /* PickerField.swift in Sources */,
				1B7ADBEF26596D3300C4AEF9 /* TournamentRegisterCell.swift in Sources */,
				1BC19BFB26639EDA007A6D93 /* TournamentsType.swift in Sources */,
				1BFA54F6265775C3008BCC57 /* Tournaments.swift in Sources */,
				1BFA54EE265772D3008BCC57 /* CitySelectionVC.swift in Sources */,
				1B7BDED3266B866500EE673D /* HeaderView.swift in Sources */,
				1BFA54F8265775C3008BCC57 /* City.swift in Sources */,
				1BF44C2E2656DB3700A2E75E /* NotificationManager.swift in Sources */,
				1B7BDEDD266B950500EE673D /* MenuVC.swift in Sources */,
				1B397134266AA74300F8C530 /* ManageCenterVM.swift in Sources */,
				1B7ADBF72659715700C4AEF9 /* SportsFilterVC.swift in Sources */,
				1BF44C2B2656DB3700A2E75E /* AppUtilities.swift in Sources */,
				1B7ADC03265971CA00C4AEF9 /* EventMenuSectionData.swift in Sources */,
				1BFA54E8265772D3008BCC57 /* FirstNameVC.swift in Sources */,
				1B7ADBE926596D0500C4AEF9 /* SportGalleryCell.swift in Sources */,
				1BF44C282656DB3700A2E75E /* FirstResponderField.swift in Sources */,
				1BEFE644266558C4004A2965 /* SportCenters.swift in Sources */,
				1B7ADBFD2659719100C4AEF9 /* AccountMenuCell.swift in Sources */,
				1B7ADBE026596BCE00C4AEF9 /* TournamentConfirmationVC.swift in Sources */,
			);
			runOnlyForDeploymentPostprocessing = 0;
		};
/* End PBXSourcesBuildPhase section */

/* Begin PBXTargetDependency section */
		1BA0DADC266654AF008E85B1 /* PBXTargetDependency */ = {
			isa = PBXTargetDependency;
			target = 1BF44BE22656D1DD00A2E75E /* Swyng */;
			targetProxy = 1BA0DADB266654AF008E85B1 /* PBXContainerItemProxy */;
		};
/* End PBXTargetDependency section */

/* Begin PBXVariantGroup section */
		1BF44BEC2656D1DD00A2E75E /* Main.storyboard */ = {
			isa = PBXVariantGroup;
			children = (
				1BF44BED2656D1DD00A2E75E /* Base */,
			);
			name = Main.storyboard;
			sourceTree = "<group>";
		};
		1BF44BF12656D1DE00A2E75E /* LaunchScreen.storyboard */ = {
			isa = PBXVariantGroup;
			children = (
				1BF44BF22656D1DE00A2E75E /* Base */,
			);
			name = LaunchScreen.storyboard;
			sourceTree = "<group>";
		};
/* End PBXVariantGroup section */

/* Begin XCBuildConfiguration section */
		1BA0DADD266654AF008E85B1 /* Debug */ = {
			isa = XCBuildConfiguration;
			baseConfigurationReference = 644BD39526A157A5AEDA4A97 /* Pods-SwyngTests.debug.xcconfig */;
			buildSettings = {
				BUNDLE_LOADER = "$(TEST_HOST)";
				CODE_SIGN_STYLE = Automatic;
				DEVELOPMENT_TEAM = A288Y32693;
				INFOPLIST_FILE = SwyngTests/Info.plist;
				IPHONEOS_DEPLOYMENT_TARGET = 14.5;
				LD_RUNPATH_SEARCH_PATHS = (
					"$(inherited)",
					"@executable_path/Frameworks",
					"@loader_path/Frameworks",
				);
				PRODUCT_BUNDLE_IDENTIFIER = com.developer.SwyngTests;
				PRODUCT_NAME = "$(TARGET_NAME)";
				SWIFT_VERSION = 5.0;
				TARGETED_DEVICE_FAMILY = "1,2";
				TEST_HOST = "$(BUILT_PRODUCTS_DIR)/Swyng.app/Swyng";
			};
			name = Debug;
		};
		1BA0DADE266654AF008E85B1 /* Release */ = {
			isa = XCBuildConfiguration;
			baseConfigurationReference = FDC1D2C71E6111979549C865 /* Pods-SwyngTests.release.xcconfig */;
			buildSettings = {
				BUNDLE_LOADER = "$(TEST_HOST)";
				CODE_SIGN_STYLE = Automatic;
				DEVELOPMENT_TEAM = A288Y32693;
				INFOPLIST_FILE = SwyngTests/Info.plist;
				IPHONEOS_DEPLOYMENT_TARGET = 14.5;
				LD_RUNPATH_SEARCH_PATHS = (
					"$(inherited)",
					"@executable_path/Frameworks",
					"@loader_path/Frameworks",
				);
				PRODUCT_BUNDLE_IDENTIFIER = com.developer.SwyngTests;
				PRODUCT_NAME = "$(TARGET_NAME)";
				SWIFT_VERSION = 5.0;
				TARGETED_DEVICE_FAMILY = "1,2";
				TEST_HOST = "$(BUILT_PRODUCTS_DIR)/Swyng.app/Swyng";
			};
			name = Release;
		};
		1BF44BF52656D1DE00A2E75E /* Debug */ = {
			isa = XCBuildConfiguration;
			buildSettings = {
				ALWAYS_SEARCH_USER_PATHS = NO;
				CLANG_ANALYZER_NONNULL = YES;
				CLANG_ANALYZER_NUMBER_OBJECT_CONVERSION = YES_AGGRESSIVE;
				CLANG_CXX_LANGUAGE_STANDARD = "gnu++14";
				CLANG_CXX_LIBRARY = "libc++";
				CLANG_ENABLE_MODULES = YES;
				CLANG_ENABLE_OBJC_ARC = YES;
				CLANG_ENABLE_OBJC_WEAK = YES;
				CLANG_WARN_BLOCK_CAPTURE_AUTORELEASING = YES;
				CLANG_WARN_BOOL_CONVERSION = YES;
				CLANG_WARN_COMMA = YES;
				CLANG_WARN_CONSTANT_CONVERSION = YES;
				CLANG_WARN_DEPRECATED_OBJC_IMPLEMENTATIONS = YES;
				CLANG_WARN_DIRECT_OBJC_ISA_USAGE = YES_ERROR;
				CLANG_WARN_DOCUMENTATION_COMMENTS = YES;
				CLANG_WARN_EMPTY_BODY = YES;
				CLANG_WARN_ENUM_CONVERSION = YES;
				CLANG_WARN_INFINITE_RECURSION = YES;
				CLANG_WARN_INT_CONVERSION = YES;
				CLANG_WARN_NON_LITERAL_NULL_CONVERSION = YES;
				CLANG_WARN_OBJC_IMPLICIT_RETAIN_SELF = YES;
				CLANG_WARN_OBJC_LITERAL_CONVERSION = YES;
				CLANG_WARN_OBJC_ROOT_CLASS = YES_ERROR;
				CLANG_WARN_QUOTED_INCLUDE_IN_FRAMEWORK_HEADER = YES;
				CLANG_WARN_RANGE_LOOP_ANALYSIS = YES;
				CLANG_WARN_STRICT_PROTOTYPES = YES;
				CLANG_WARN_SUSPICIOUS_MOVE = YES;
				CLANG_WARN_UNGUARDED_AVAILABILITY = YES_AGGRESSIVE;
				CLANG_WARN_UNREACHABLE_CODE = YES;
				CLANG_WARN__DUPLICATE_METHOD_MATCH = YES;
				COPY_PHASE_STRIP = NO;
				DEBUG_INFORMATION_FORMAT = dwarf;
				ENABLE_STRICT_OBJC_MSGSEND = YES;
				ENABLE_TESTABILITY = YES;
				GCC_C_LANGUAGE_STANDARD = gnu11;
				GCC_DYNAMIC_NO_PIC = NO;
				GCC_NO_COMMON_BLOCKS = YES;
				GCC_OPTIMIZATION_LEVEL = 0;
				GCC_PREPROCESSOR_DEFINITIONS = (
					"DEBUG=1",
					"$(inherited)",
				);
				GCC_WARN_64_TO_32_BIT_CONVERSION = YES;
				GCC_WARN_ABOUT_RETURN_TYPE = YES_ERROR;
				GCC_WARN_UNDECLARED_SELECTOR = YES;
				GCC_WARN_UNINITIALIZED_AUTOS = YES_AGGRESSIVE;
				GCC_WARN_UNUSED_FUNCTION = YES;
				GCC_WARN_UNUSED_VARIABLE = YES;
				IPHONEOS_DEPLOYMENT_TARGET = 14.3;
				MTL_ENABLE_DEBUG_INFO = INCLUDE_SOURCE;
				MTL_FAST_MATH = YES;
				ONLY_ACTIVE_ARCH = YES;
				SDKROOT = iphoneos;
				SWIFT_ACTIVE_COMPILATION_CONDITIONS = DEBUG;
				SWIFT_OPTIMIZATION_LEVEL = "-Onone";
			};
			name = Debug;
		};
		1BF44BF62656D1DE00A2E75E /* Release */ = {
			isa = XCBuildConfiguration;
			buildSettings = {
				ALWAYS_SEARCH_USER_PATHS = NO;
				CLANG_ANALYZER_NONNULL = YES;
				CLANG_ANALYZER_NUMBER_OBJECT_CONVERSION = YES_AGGRESSIVE;
				CLANG_CXX_LANGUAGE_STANDARD = "gnu++14";
				CLANG_CXX_LIBRARY = "libc++";
				CLANG_ENABLE_MODULES = YES;
				CLANG_ENABLE_OBJC_ARC = YES;
				CLANG_ENABLE_OBJC_WEAK = YES;
				CLANG_WARN_BLOCK_CAPTURE_AUTORELEASING = YES;
				CLANG_WARN_BOOL_CONVERSION = YES;
				CLANG_WARN_COMMA = YES;
				CLANG_WARN_CONSTANT_CONVERSION = YES;
				CLANG_WARN_DEPRECATED_OBJC_IMPLEMENTATIONS = YES;
				CLANG_WARN_DIRECT_OBJC_ISA_USAGE = YES_ERROR;
				CLANG_WARN_DOCUMENTATION_COMMENTS = YES;
				CLANG_WARN_EMPTY_BODY = YES;
				CLANG_WARN_ENUM_CONVERSION = YES;
				CLANG_WARN_INFINITE_RECURSION = YES;
				CLANG_WARN_INT_CONVERSION = YES;
				CLANG_WARN_NON_LITERAL_NULL_CONVERSION = YES;
				CLANG_WARN_OBJC_IMPLICIT_RETAIN_SELF = YES;
				CLANG_WARN_OBJC_LITERAL_CONVERSION = YES;
				CLANG_WARN_OBJC_ROOT_CLASS = YES_ERROR;
				CLANG_WARN_QUOTED_INCLUDE_IN_FRAMEWORK_HEADER = YES;
				CLANG_WARN_RANGE_LOOP_ANALYSIS = YES;
				CLANG_WARN_STRICT_PROTOTYPES = YES;
				CLANG_WARN_SUSPICIOUS_MOVE = YES;
				CLANG_WARN_UNGUARDED_AVAILABILITY = YES_AGGRESSIVE;
				CLANG_WARN_UNREACHABLE_CODE = YES;
				CLANG_WARN__DUPLICATE_METHOD_MATCH = YES;
				COPY_PHASE_STRIP = NO;
				DEBUG_INFORMATION_FORMAT = "dwarf-with-dsym";
				ENABLE_NS_ASSERTIONS = NO;
				ENABLE_STRICT_OBJC_MSGSEND = YES;
				GCC_C_LANGUAGE_STANDARD = gnu11;
				GCC_NO_COMMON_BLOCKS = YES;
				GCC_WARN_64_TO_32_BIT_CONVERSION = YES;
				GCC_WARN_ABOUT_RETURN_TYPE = YES_ERROR;
				GCC_WARN_UNDECLARED_SELECTOR = YES;
				GCC_WARN_UNINITIALIZED_AUTOS = YES_AGGRESSIVE;
				GCC_WARN_UNUSED_FUNCTION = YES;
				GCC_WARN_UNUSED_VARIABLE = YES;
				IPHONEOS_DEPLOYMENT_TARGET = 14.3;
				MTL_ENABLE_DEBUG_INFO = NO;
				MTL_FAST_MATH = YES;
				SDKROOT = iphoneos;
				SWIFT_COMPILATION_MODE = wholemodule;
				SWIFT_OPTIMIZATION_LEVEL = "-O";
				VALIDATE_PRODUCT = YES;
			};
			name = Release;
		};
		1BF44BF82656D1DE00A2E75E /* Debug */ = {
			isa = XCBuildConfiguration;
			baseConfigurationReference = F0314751455C1A1E360F23D0 /* Pods-Swyng.debug.xcconfig */;
			buildSettings = {
				ASSETCATALOG_COMPILER_APPICON_NAME = AppIcon;
				ASSETCATALOG_COMPILER_GLOBAL_ACCENT_COLOR_NAME = AccentColor;
				CODE_SIGN_ENTITLEMENTS = Swyng/Swyng.entitlements;
				CODE_SIGN_STYLE = Automatic;
				DEVELOPMENT_TEAM = A288Y32693;
				FRAMEWORK_SEARCH_PATHS = (
					"$(inherited)",
					"$(PROJECT_DIR)",
				);
				INFOPLIST_FILE = Swyng/Info.plist;
				IPHONEOS_DEPLOYMENT_TARGET = 11.0;
				LD_RUNPATH_SEARCH_PATHS = (
					"$(inherited)",
					"@executable_path/Frameworks",
				);
				PRODUCT_BUNDLE_IDENTIFIER = com.developer.swyngvendor;
				PRODUCT_NAME = "$(TARGET_NAME)";
				SWIFT_VERSION = 5.0;
				TARGETED_DEVICE_FAMILY = 1;
			};
			name = Debug;
		};
		1BF44BF92656D1DE00A2E75E /* Release */ = {
			isa = XCBuildConfiguration;
			baseConfigurationReference = E8DF1EF0599CDE5AC6F96EFF /* Pods-Swyng.release.xcconfig */;
			buildSettings = {
				ASSETCATALOG_COMPILER_APPICON_NAME = AppIcon;
				ASSETCATALOG_COMPILER_GLOBAL_ACCENT_COLOR_NAME = AccentColor;
				CODE_SIGN_ENTITLEMENTS = Swyng/Swyng.entitlements;
				CODE_SIGN_STYLE = Automatic;
				DEVELOPMENT_TEAM = A288Y32693;
				FRAMEWORK_SEARCH_PATHS = (
					"$(inherited)",
					"$(PROJECT_DIR)",
				);
				INFOPLIST_FILE = Swyng/Info.plist;
				IPHONEOS_DEPLOYMENT_TARGET = 11.0;
				LD_RUNPATH_SEARCH_PATHS = (
					"$(inherited)",
					"@executable_path/Frameworks",
				);
				PRODUCT_BUNDLE_IDENTIFIER = com.developer.swyngvendor;
				PRODUCT_NAME = "$(TARGET_NAME)";
				SWIFT_VERSION = 5.0;
				TARGETED_DEVICE_FAMILY = 1;
			};
			name = Release;
		};
/* End XCBuildConfiguration section */

/* Begin XCConfigurationList section */
		1BA0DADF266654AF008E85B1 /* Build configuration list for PBXNativeTarget "SwyngTests" */ = {
			isa = XCConfigurationList;
			buildConfigurations = (
				1BA0DADD266654AF008E85B1 /* Debug */,
				1BA0DADE266654AF008E85B1 /* Release */,
			);
			defaultConfigurationIsVisible = 0;
			defaultConfigurationName = Release;
		};
		1BF44BDE2656D1DD00A2E75E /* Build configuration list for PBXProject "Swyng" */ = {
			isa = XCConfigurationList;
			buildConfigurations = (
				1BF44BF52656D1DE00A2E75E /* Debug */,
				1BF44BF62656D1DE00A2E75E /* Release */,
			);
			defaultConfigurationIsVisible = 0;
			defaultConfigurationName = Release;
		};
		1BF44BF72656D1DE00A2E75E /* Build configuration list for PBXNativeTarget "Swyng" */ = {
			isa = XCConfigurationList;
			buildConfigurations = (
				1BF44BF82656D1DE00A2E75E /* Debug */,
				1BF44BF92656D1DE00A2E75E /* Release */,
			);
			defaultConfigurationIsVisible = 0;
			defaultConfigurationName = Release;
		};
/* End XCConfigurationList section */
	};
	rootObject = 1BF44BDB2656D1DD00A2E75E /* Project object */;
}
